
Microsoft Visual Studio Solution File, Format Version 12.00
# Visual Studio Version 16
VisualStudioVersion = 16.0.31605.320
MinimumVisualStudioVersion = 10.0.40219.1
Project("{FAE04EC0-301F-11D3-BF4B-00C04F79EFBC}") = "Tool32", "Tool32.csproj", "{9C2C8813-EAAF-48C3-BF76-440404E0C6E5}"
EndProject
Global
	GlobalSection(SolutionConfigurationPlatforms) = preSolution
		Debug|Any CPU = Debug|Any CPU
		Release|Any CPU = Release|Any CPU
	EndGlobalSection
	GlobalSection(ProjectConfigurationPlatforms) = postSolution
		{9C2C8813-EAAF-48C3-BF76-440404E0C6E5}.Debug|Any CPU.ActiveCfg = Debug|Any CPU
		{9C2C8813-EAAF-48C3-BF76-440404E0C6E5}.Debug|Any CPU.Build.0 = Debug|Any CPU
		{9C2C8813-EAAF-48C3-BF76-440404E0C6E5}.Release|Any CPU.ActiveCfg = Release|Any CPU
		{9C2C8813-EAAF-48C3-BF76-440404E0C6E5}.Release|Any CPU.Build.0 = Release|Any CPU
	EndGlobalSection
	GlobalSection(SolutionProperties) = preSolution
		HideSolutionNode = FALSE
	EndGlobalSection
	GlobalSection(ExtensibilityGlobals) = postSolution
		SolutionGuid = {3FC7362A-AB6E-4D26-A0DC-5348AC56C84E}
	EndGlobalSection
EndGlobal
